
Microsoft Visual Studio Solution File, Format Version 12.00
# Visual Studio Version 16
VisualStudioVersion = 16.0.29911.84
MinimumVisualStudioVersion = 10.0.40219.1
Project("{FAE04EC0-301F-11D3-BF4B-00C04F79EFBC}") = "ПР5(автокад)", "ПР5(автокад).csproj", "{BCF6F11B-609F-42AE-80CE-F4B7151A36FB}"
EndProject
Global
	GlobalSection(SolutionConfigurationPlatforms) = preSolution
		Debug|Any CPU = Debug|Any CPU
		Debug|x64 = Debug|x64
		Release|Any CPU = Release|Any CPU
		Release|x64 = Release|x64
	EndGlobalSection
	GlobalSection(ProjectConfigurationPlatforms) = postSolution
		{BCF6F11B-609F-42AE-80CE-F4B7151A36FB}.Debug|Any CPU.ActiveCfg = Debug|Any CPU
		{BCF6F11B-609F-42AE-80CE-F4B7151A36FB}.Debug|Any CPU.Build.0 = Debug|Any CPU
		{BCF6F11B-609F-42AE-80CE-F4B7151A36FB}.Debug|x64.ActiveCfg = Debug|Any CPU
		{BCF6F11B-609F-42AE-80CE-F4B7151A36FB}.Debug|x64.Build.0 = Debug|Any CPU
		{BCF6F11B-609F-42AE-80CE-F4B7151A36FB}.Release|Any CPU.ActiveCfg = Release|Any CPU
		{BCF6F11B-609F-42AE-80CE-F4B7151A36FB}.Release|Any CPU.Build.0 = Release|Any CPU
		{BCF6F11B-609F-42AE-80CE-F4B7151A36FB}.Release|x64.ActiveCfg = Release|Any CPU
		{BCF6F11B-609F-42AE-80CE-F4B7151A36FB}.Release|x64.Build.0 = Release|Any CPU
	EndGlobalSection
	GlobalSection(SolutionProperties) = preSolution
		HideSolutionNode = FALSE
	EndGlobalSection
	GlobalSection(ExtensibilityGlobals) = postSolution
		SolutionGuid = {3A55EAFC-CDA4-4E3C-8230-8E877D5CE3B8}
	EndGlobalSection
EndGlobal
